
Microsoft Visual Studio Solution File, Format Version 12.00
# Visual Studio Version 16
VisualStudioVersion = 16.0.29409.12
MinimumVisualStudioVersion = 10.0.40219.1
Project("{FAE04EC0-301F-11D3-BF4B-00C04F79EFBC}") = "UnitTestProject1", "UnitTestProject1\UnitTestProject1.csproj", "{CD1483D3-A67B-4E94-B93C-0CE47DB5AA1D}"
EndProject
Global
	GlobalSection(SolutionConfigurationPlatforms) = preSolution
		Debug|Any CPU = Debug|Any CPU
		Release|Any CPU = Release|Any CPU
	EndGlobalSection
	GlobalSection(ProjectConfigurationPlatforms) = postSolution
		{CD1483D3-A67B-4E94-B93C-0CE47DB5AA1D}.Debug|Any CPU.ActiveCfg = Debug|Any CPU
		{CD1483D3-A67B-4E94-B93C-0CE47DB5AA1D}.Debug|Any CPU.Build.0 = Debug|Any CPU
		{CD1483D3-A67B-4E94-B93C-0CE47DB5AA1D}.Release|Any CPU.ActiveCfg = Release|Any CPU
		{CD1483D3-A67B-4E94-B93C-0CE47DB5AA1D}.Release|Any CPU.Build.0 = Release|Any CPU
	EndGlobalSection
	GlobalSection(SolutionProperties) = preSolution
		HideSolutionNode = FALSE
	EndGlobalSection
	GlobalSection(ExtensibilityGlobals) = postSolution
		SolutionGuid = {67AD5937-6D78-40F8-94C3-FEC506215C0C}
	EndGlobalSection
EndGlobal
