
Microsoft Visual Studio Solution File, Format Version 12.00
# Visual Studio Version 16
VisualStudioVersion = 16.0.29409.12
MinimumVisualStudioVersion = 10.0.40219.1
Project("{FAE04EC0-301F-11D3-BF4B-00C04F79EFBC}") = "ADODEMO", "ADODEMO\ADODEMO.csproj", "{69855CA8-7D11-4CAC-86FF-6B79E05A5220}"
EndProject
Project("{FAE04EC0-301F-11D3-BF4B-00C04F79EFBC}") = "EMPLOYEE(DATAAXISLAYER)", "EMPLOYEE(DATAAXISLAYER)\EMPLOYEE(DATAAXISLAYER).csproj", "{CCFC78E1-99D1-42B8-A5FE-AC31967EB013}"
EndProject
Global
	GlobalSection(SolutionConfigurationPlatforms) = preSolution
		Debug|Any CPU = Debug|Any CPU
		Release|Any CPU = Release|Any CPU
	EndGlobalSection
	GlobalSection(ProjectConfigurationPlatforms) = postSolution
		{69855CA8-7D11-4CAC-86FF-6B79E05A5220}.Debug|Any CPU.ActiveCfg = Debug|Any CPU
		{69855CA8-7D11-4CAC-86FF-6B79E05A5220}.Debug|Any CPU.Build.0 = Debug|Any CPU
		{69855CA8-7D11-4CAC-86FF-6B79E05A5220}.Release|Any CPU.ActiveCfg = Release|Any CPU
		{69855CA8-7D11-4CAC-86FF-6B79E05A5220}.Release|Any CPU.Build.0 = Release|Any CPU
		{CCFC78E1-99D1-42B8-A5FE-AC31967EB013}.Debug|Any CPU.ActiveCfg = Debug|Any CPU
		{CCFC78E1-99D1-42B8-A5FE-AC31967EB013}.Debug|Any CPU.Build.0 = Debug|Any CPU
		{CCFC78E1-99D1-42B8-A5FE-AC31967EB013}.Release|Any CPU.ActiveCfg = Release|Any CPU
		{CCFC78E1-99D1-42B8-A5FE-AC31967EB013}.Release|Any CPU.Build.0 = Release|Any CPU
	EndGlobalSection
	GlobalSection(SolutionProperties) = preSolution
		HideSolutionNode = FALSE
	EndGlobalSection
	GlobalSection(ExtensibilityGlobals) = postSolution
		SolutionGuid = {C3170C20-0497-461D-9EE5-66163CBE392B}
	EndGlobalSection
EndGlobal
