
Microsoft Visual Studio Solution File, Format Version 12.00
# Visual Studio Version 16
VisualStudioVersion = 16.0.29409.12
MinimumVisualStudioVersion = 10.0.40219.1
Project("{FAE04EC0-301F-11D3-BF4B-00C04F79EFBC}") = "assignment3", "assignment3\assignment3.csproj", "{51D04492-4DAD-4438-899D-6D833FF98305}"
EndProject
Global
	GlobalSection(SolutionConfigurationPlatforms) = preSolution
		Debug|Any CPU = Debug|Any CPU
		Release|Any CPU = Release|Any CPU
	EndGlobalSection
	GlobalSection(ProjectConfigurationPlatforms) = postSolution
		{51D04492-4DAD-4438-899D-6D833FF98305}.Debug|Any CPU.ActiveCfg = Debug|Any CPU
		{51D04492-4DAD-4438-899D-6D833FF98305}.Debug|Any CPU.Build.0 = Debug|Any CPU
		{51D04492-4DAD-4438-899D-6D833FF98305}.Release|Any CPU.ActiveCfg = Release|Any CPU
		{51D04492-4DAD-4438-899D-6D833FF98305}.Release|Any CPU.Build.0 = Release|Any CPU
	EndGlobalSection
	GlobalSection(SolutionProperties) = preSolution
		HideSolutionNode = FALSE
	EndGlobalSection
	GlobalSection(ExtensibilityGlobals) = postSolution
		SolutionGuid = {E87C2D82-7692-4C3A-B7D0-D5EF6EC4F5A9}
	EndGlobalSection
EndGlobal
